
Microsoft Visual Studio Solution File, Format Version 12.00
# Visual Studio for Mac
Project("{FAE04EC0-301F-11D3-BF4B-00C04F79EFBC}") = "DivideAndConquer", "DivideAndConquer.csproj", "{D107686E-2424-A614-A8F9-D9488ED506AF}"
EndProject
Global
	GlobalSection(SolutionConfigurationPlatforms) = preSolution
		Debug|Any CPU = Debug|Any CPU
		Release|Any CPU = Release|Any CPU
	EndGlobalSection
	GlobalSection(ProjectConfigurationPlatforms) = postSolution
		{D107686E-2424-A614-A8F9-D9488ED506AF}.Debug|Any CPU.ActiveCfg = Debug|Any CPU
		{D107686E-2424-A614-A8F9-D9488ED506AF}.Debug|Any CPU.Build.0 = Debug|Any CPU
		{D107686E-2424-A614-A8F9-D9488ED506AF}.Release|Any CPU.ActiveCfg = Release|Any CPU
		{D107686E-2424-A614-A8F9-D9488ED506AF}.Release|Any CPU.Build.0 = Release|Any CPU
	EndGlobalSection
	GlobalSection(SolutionProperties) = preSolution
		HideSolutionNode = FALSE
	EndGlobalSection
EndGlobal
